
Microsoft Visual Studio Solution File, Format Version 12.00
Project("{FAE04EC0-301F-11D3-BF4B-00C04F79EFBC}") = "FluxoDeCaixa.Api", "FluxoDeCaixa.Api\FluxoDeCaixa.Api.csproj", "{9F796D94-C64D-4365-B30D-830C728EE660}"
EndProject
Project("{FAE04EC0-301F-11D3-BF4B-00C04F79EFBC}") = "FluxoDeCaixa.UnitTest", "FluxoDeCaixa.UnitTest\FluxoDeCaixa.UnitTest.csproj", "{8FE4F49C-6A13-41CF-9966-C8A0A519CF57}"
EndProject
Project("{FAE04EC0-301F-11D3-BF4B-00C04F79EFBC}") = "FluxoDeCaixa.Domain", "FluxoDeCaixa.Domain\FluxoDeCaixa.Domain.csproj", "{9A3123D5-7F37-4EB8-9F78-61EFD563C338}"
EndProject
Project("{FAE04EC0-301F-11D3-BF4B-00C04F79EFBC}") = "FluxoDeCaixa.Infra", "FluxoDeCaixa.Infra\FluxoDeCaixa.Infra.csproj", "{A44C9780-36E3-41E6-8A90-740D14BE7805}"
EndProject
Project("{FAE04EC0-301F-11D3-BF4B-00C04F79EFBC}") = "FluxoDeCaixa.Application", "FluxoDeCaixa.Application\FluxoDeCaixa.Application.csproj", "{62C9AA52-7F2C-4162-A59F-40409EC5FACB}"
EndProject
Global
	GlobalSection(SolutionConfigurationPlatforms) = preSolution
		Debug|Any CPU = Debug|Any CPU
		Release|Any CPU = Release|Any CPU
	EndGlobalSection
	GlobalSection(ProjectConfigurationPlatforms) = postSolution
		{9F796D94-C64D-4365-B30D-830C728EE660}.Debug|Any CPU.ActiveCfg = Debug|Any CPU
		{9F796D94-C64D-4365-B30D-830C728EE660}.Debug|Any CPU.Build.0 = Debug|Any CPU
		{9F796D94-C64D-4365-B30D-830C728EE660}.Release|Any CPU.ActiveCfg = Release|Any CPU
		{9F796D94-C64D-4365-B30D-830C728EE660}.Release|Any CPU.Build.0 = Release|Any CPU
		{8FE4F49C-6A13-41CF-9966-C8A0A519CF57}.Debug|Any CPU.ActiveCfg = Debug|Any CPU
		{8FE4F49C-6A13-41CF-9966-C8A0A519CF57}.Debug|Any CPU.Build.0 = Debug|Any CPU
		{8FE4F49C-6A13-41CF-9966-C8A0A519CF57}.Release|Any CPU.ActiveCfg = Release|Any CPU
		{8FE4F49C-6A13-41CF-9966-C8A0A519CF57}.Release|Any CPU.Build.0 = Release|Any CPU
		{9A3123D5-7F37-4EB8-9F78-61EFD563C338}.Debug|Any CPU.ActiveCfg = Debug|Any CPU
		{9A3123D5-7F37-4EB8-9F78-61EFD563C338}.Debug|Any CPU.Build.0 = Debug|Any CPU
		{9A3123D5-7F37-4EB8-9F78-61EFD563C338}.Release|Any CPU.ActiveCfg = Release|Any CPU
		{9A3123D5-7F37-4EB8-9F78-61EFD563C338}.Release|Any CPU.Build.0 = Release|Any CPU
		{A44C9780-36E3-41E6-8A90-740D14BE7805}.Debug|Any CPU.ActiveCfg = Debug|Any CPU
		{A44C9780-36E3-41E6-8A90-740D14BE7805}.Debug|Any CPU.Build.0 = Debug|Any CPU
		{A44C9780-36E3-41E6-8A90-740D14BE7805}.Release|Any CPU.ActiveCfg = Release|Any CPU
		{A44C9780-36E3-41E6-8A90-740D14BE7805}.Release|Any CPU.Build.0 = Release|Any CPU
		{62C9AA52-7F2C-4162-A59F-40409EC5FACB}.Debug|Any CPU.ActiveCfg = Debug|Any CPU
		{62C9AA52-7F2C-4162-A59F-40409EC5FACB}.Debug|Any CPU.Build.0 = Debug|Any CPU
		{62C9AA52-7F2C-4162-A59F-40409EC5FACB}.Release|Any CPU.ActiveCfg = Release|Any CPU
		{62C9AA52-7F2C-4162-A59F-40409EC5FACB}.Release|Any CPU.Build.0 = Release|Any CPU
	EndGlobalSection
EndGlobal
